
Microsoft Visual Studio Solution File, Format Version 12.00
# Visual Studio Version 17
VisualStudioVersion = 17.13.35818.85 d17.13
MinimumVisualStudioVersion = 10.0.40219.1
Project("{888888A0-9F3D-457C-B088-3A5042F75D52}") = "Bank", "Bank\Bank.pyproj", "{EF30A93B-C374-4CC0-AC0C-A1423141B7AA}"
EndProject
Global
	GlobalSection(SolutionConfigurationPlatforms) = preSolution
		Debug|Any CPU = Debug|Any CPU
		Release|Any CPU = Release|Any CPU
	EndGlobalSection
	GlobalSection(ProjectConfigurationPlatforms) = postSolution
		{EF30A93B-C374-4CC0-AC0C-A1423141B7AA}.Debug|Any CPU.ActiveCfg = Debug|Any CPU
		{EF30A93B-C374-4CC0-AC0C-A1423141B7AA}.Release|Any CPU.ActiveCfg = Release|Any CPU
	EndGlobalSection
	GlobalSection(SolutionProperties) = preSolution
		HideSolutionNode = FALSE
	EndGlobalSection
	GlobalSection(ExtensibilityGlobals) = postSolution
		SolutionGuid = {D5030906-E6B3-4223-81F1-8CD5409C05DD}
	EndGlobalSection
EndGlobal
